{"1.2.0",
[{<<"certifi">>,{pkg,<<"certifi">>,<<"2.5.2">>},1},
 {<<"cowboy">>,{pkg,<<"cowboy">>,<<"2.8.0">>},0},
 {<<"cowlib">>,{pkg,<<"cowlib">>,<<"2.9.1">>},1},
 {<<"gen_fsm_compat">>,{pkg,<<"gen_fsm_compat">>,<<"0.3.0">>},0},
 {<<"hackney">>,{pkg,<<"hackney">>,<<"1.16.0">>},0},
 {<<"idna">>,{pkg,<<"idna">>,<<"6.0.1">>},1},
 {<<"jsx">>,{pkg,<<"jsx">>,<<"3.0.0">>},0},
 {<<"metrics">>,{pkg,<<"metrics">>,<<"1.0.1">>},1},
 {<<"mimerl">>,{pkg,<<"mimerl">>,<<"1.2.0">>},1},
 {<<"parse_trans">>,{pkg,<<"parse_trans">>,<<"3.3.0">>},1},
 {<<"poolboy">>,{pkg,<<"poolboy">>,<<"1.5.2">>},1},
 {<<"ranch">>,{pkg,<<"ranch">>,<<"1.7.1">>},1},
 {<<"riak_core">>,{pkg,<<"riak_core_lite">>,<<"0.10.0">>},0},
 {<<"riak_core_lite">>,{pkg,<<"riak_core_lite">>,<<"0.10.0">>},0},
 {<<"riak_core_lite_util">>,{pkg,<<"riak_core_lite_util">>,<<"0.1.0">>},0},
 {<<"ssl_verify_fun">>,{pkg,<<"ssl_verify_fun">>,<<"1.1.6">>},1},
 {<<"unicode_util_compat">>,{pkg,<<"unicode_util_compat">>,<<"0.5.0">>},2}]}.
[
{pkg_hash,[
 {<<"certifi">>, <<"B7CFEAE9D2ED395695DD8201C57A2D019C0C43ECAF8B8BCB9320B40D6662F340">>},
 {<<"cowboy">>, <<"F3DC62E35797ECD9AC1B50DB74611193C29815401E53BAC9A5C0577BD7BC667D">>},
 {<<"cowlib">>, <<"61A6C7C50CF07FDD24B2F45B89500BB93B6686579B069A89F88CB211E1125C78">>},
 {<<"gen_fsm_compat">>, <<"5903549F67D595F58A7101154CBE0FDD46955FBFBE40813F1E53C23A970FF5F4">>},
 {<<"hackney">>, <<"5096AC8E823E3A441477B2D187E30DD3FFF1A82991A806B2003845CE72CE2D84">>},
 {<<"idna">>, <<"1D038FB2E7668CE41FBF681D2C45902E52B3CB9E9C77B55334353B222C2EE50C">>},
 {<<"jsx">>, <<"20A170ABD4335FC6DB24D5FAD1E5D677C55DADF83D1B20A8A33B5FE159892A39">>},
 {<<"metrics">>, <<"25F094DEA2CDA98213CECC3AEFF09E940299D950904393B2A29D191C346A8486">>},
 {<<"mimerl">>, <<"67E2D3F571088D5CFD3E550C383094B47159F3EEE8FFA08E64106CDF5E981BE3">>},
 {<<"parse_trans">>, <<"09765507A3C7590A784615CFD421D101AEC25098D50B89D7AA1D66646BC571C1">>},
 {<<"poolboy">>, <<"392B007A1693A64540CEAD79830443ABF5762F5D30CF50BC95CB2C1AAAFA006B">>},
 {<<"ranch">>, <<"6B1FAB51B49196860B733A49C07604465A47BDB78AA10C1C16A3D199F7F8C881">>},
 {<<"riak_core">>, <<"52864992CBD2331F7C5E7753374D8F1655A2046B64A6DF3E5184B6D42E936963">>},
 {<<"riak_core_lite">>, <<"52864992CBD2331F7C5E7753374D8F1655A2046B64A6DF3E5184B6D42E936963">>},
 {<<"riak_core_lite_util">>, <<"B0FF95B2782B5C1E546E39A0910A5A9F0BBF8AB8B6F0A4256986707B552F7FA9">>},
 {<<"ssl_verify_fun">>, <<"CF344F5692C82D2CD7554F5EC8FD961548D4FD09E7D22F5B62482E5AEAEBD4B0">>},
 {<<"unicode_util_compat">>, <<"8516502659002CEC19E244EBD90D312183064BE95025A319A6C7E89F4BCCD65B">>}]},
{pkg_hash_ext,[
 {<<"certifi">>, <<"3B3B5F36493004AC3455966991EAF6E768CE9884693D9968055AEEEB1E575040">>},
 {<<"cowboy">>, <<"4643E4FBA74AC96D4D152C75803DE6FAD0B3FA5DF354C71AFDD6CBEEB15FAC8A">>},
 {<<"cowlib">>, <<"E4175DC240A70D996156160891E1C62238EDE1729E45740BDD38064DAD476170">>},
 {<<"gen_fsm_compat">>, <<"7153D11BAD328933D4B24E663D8CEC52874E14176C7FB392FA1FF768B17460D9">>},
 {<<"hackney">>, <<"3BF0BEBBD5D3092A3543B783BF065165FA5D3AD4B899B836810E513064134E18">>},
 {<<"idna">>, <<"A02C8A1C4FD601215BB0B0324C8A6986749F807CE35F25449EC9E69758708122">>},
 {<<"jsx">>, <<"37BECA0435F5CA8A2F45F76A46211E76418FBEF80C36F0361C249FC75059DC6D">>},
 {<<"metrics">>, <<"69B09ADDDC4F74A40716AE54D140F93BEB0FB8978D8636EADED0C31B6F099F16">>},
 {<<"mimerl">>, <<"F278585650AA581986264638EBF698F8BB19DF297F66AD91B18910DFC6E19323">>},
 {<<"parse_trans">>, <<"17EF63ABDE837AD30680EA7F857DD9E7CED9476CDD7B0394432AF4BFC241B960">>},
 {<<"poolboy">>, <<"DAD79704CE5440F3D5A3681C8590B9DC25D1A561E8F5A9C995281012860901E3">>},
 {<<"ranch">>, <<"451D8527787DF716D99DC36162FCA05934915DB0B6141BBDAC2EA8D3C7AFC7D7">>},
 {<<"riak_core">>, <<"712892ECBAAFBA6355452B243E1E9F684CE28585D6D4CC040D1696C98B5B05F7">>},
 {<<"riak_core_lite">>, <<"712892ECBAAFBA6355452B243E1E9F684CE28585D6D4CC040D1696C98B5B05F7">>},
 {<<"riak_core_lite_util">>, <<"3147D80A74EFC7B7107B874FEA5AA2035F0D431794669324F42B84B4A6F6C40C">>},
 {<<"ssl_verify_fun">>, <<"BDB0D2471F453C88FF3908E7686F86F9BE327D065CC1EC16FA4540197EA04680">>},
 {<<"unicode_util_compat">>, <<"D48D002E15F5CC105A696CF2F1BBB3FC72B4B770A184D8420C8DB20DA2674B38">>}]}
].
